
Microsoft Visual Studio Solution File, Format Version 12.00
# Visual Studio Version 17
VisualStudioVersion = 17.12.35527.113 d17.12
MinimumVisualStudioVersion = 10.0.40219.1
Project("{FAE04EC0-301F-11D3-BF4B-00C04F79EFBC}") = "Emlakcı", "Emlakcı.csproj", "{0DB23CD2-56D7-4B95-957A-27E9B2567B9F}"
EndProject
Project("{FAE04EC0-301F-11D3-BF4B-00C04F79EFBC}") = "ClassLibrary1", "..\ClassLibrary1\ClassLibrary1.csproj", "{5E4885F3-9AB0-4D3A-A231-E558B2053F85}"
EndProject
Global
	GlobalSection(SolutionConfigurationPlatforms) = preSolution
		Debug|Any CPU = Debug|Any CPU
		Release|Any CPU = Release|Any CPU
	EndGlobalSection
	GlobalSection(ProjectConfigurationPlatforms) = postSolution
		{0DB23CD2-56D7-4B95-957A-27E9B2567B9F}.Debug|Any CPU.ActiveCfg = Debug|Any CPU
		{0DB23CD2-56D7-4B95-957A-27E9B2567B9F}.Debug|Any CPU.Build.0 = Debug|Any CPU
		{0DB23CD2-56D7-4B95-957A-27E9B2567B9F}.Release|Any CPU.ActiveCfg = Release|Any CPU
		{0DB23CD2-56D7-4B95-957A-27E9B2567B9F}.Release|Any CPU.Build.0 = Release|Any CPU
		{5E4885F3-9AB0-4D3A-A231-E558B2053F85}.Debug|Any CPU.ActiveCfg = Debug|Any CPU
		{5E4885F3-9AB0-4D3A-A231-E558B2053F85}.Debug|Any CPU.Build.0 = Debug|Any CPU
		{5E4885F3-9AB0-4D3A-A231-E558B2053F85}.Release|Any CPU.ActiveCfg = Release|Any CPU
		{5E4885F3-9AB0-4D3A-A231-E558B2053F85}.Release|Any CPU.Build.0 = Release|Any CPU
	EndGlobalSection
	GlobalSection(SolutionProperties) = preSolution
		HideSolutionNode = FALSE
	EndGlobalSection
EndGlobal
